// !$*UTF8*$!
{
	archiveVersion = 1;
	classes = {
	};
	objectVersion = 46;
	objects = {

/* Begin PBXBuildFile section */
		B0DDFA5715BA9EC700CE8B15 /* UIKit.framework in Frameworks */ = {isa = PBXBuildFile; fileRef = B0DDFA5615BA9EC700CE8B15 /* UIKit.framework */; };
		B0DDFA5915BA9EC700CE8B15 /* Foundation.framework in Frameworks */ = {isa = PBXBuildFile; fileRef = B0DDFA5815BA9EC700CE8B15 /* Foundation.framework */; };
		B0DDFA5B15BA9EC700CE8B15 /* CoreGraphics.framework in Frameworks */ = {isa = PBXBuildFile; fileRef = B0DDFA5A15BA9EC700CE8B15 /* CoreGraphics.framework */; };
		B0DDFA5D15BA9EC700CE8B15 /* CoreData.framework in Frameworks */ = {isa = PBXBuildFile; fileRef = B0DDFA5C15BA9EC700CE8B15 /* CoreData.framework */; };
		B0DDFA6315BA9EC700CE8B15 /* InfoPlist.strings in Resources */ = {isa = PBXBuildFile; fileRef = B0DDFA6115BA9EC700CE8B15 /* InfoPlist.strings */; };
		B0DDFA6515BA9EC700CE8B15 /* main.m in Sources */ = {isa = PBXBuildFile; fileRef = B0DDFA6415BA9EC700CE8B15 /* main.m */; };
		B0DDFA6915BA9EC700CE8B15 /* CIVOAppDelegate.m in Sources */ = {isa = PBXBuildFile; fileRef = B0DDFA6815BA9EC700CE8B15 /* CIVOAppDelegate.m */; };
		B0DDFA6C15BA9EC700CE8B15 /* Civis_Orbis.xcdatamodeld in Sources */ = {isa = PBXBuildFile; fileRef = B0DDFA6A15BA9EC700CE8B15 /* Civis_Orbis.xcdatamodeld */; };
		B0DDFA6F15BA9EC700CE8B15 /* CIVOMasterViewController.m in Sources */ = {isa = PBXBuildFile; fileRef = B0DDFA6E15BA9EC700CE8B15 /* CIVOMasterViewController.m */; };
		B0DDFA7215BA9EC700CE8B15 /* CIVODetailViewController.m in Sources */ = {isa = PBXBuildFile; fileRef = B0DDFA7115BA9EC700CE8B15 /* CIVODetailViewController.m */; };
		B0DDFA7515BA9EC700CE8B15 /* CIVOMasterViewController.xib in Resources */ = {isa = PBXBuildFile; fileRef = B0DDFA7315BA9EC700CE8B15 /* CIVOMasterViewController.xib */; };
		B0DDFA7815BA9EC700CE8B15 /* CIVODetailViewController.xib in Resources */ = {isa = PBXBuildFile; fileRef = B0DDFA7615BA9EC700CE8B15 /* CIVODetailViewController.xib */; };
		B0DDFAD815BAAA7B00CE8B15 /* civitates.json in Resources */ = {isa = PBXBuildFile; fileRef = B0DDFAD715BAAA7B00CE8B15 /* civitates.json */; };
		B0DDFADB15BAB29700CE8B15 /* MBProgressHUD.m in Sources */ = {isa = PBXBuildFile; fileRef = B0DDFADA15BAAD5000CE8B15 /* MBProgressHUD.m */; };
		B0DDFADE15BAB5A800CE8B15 /* User.m in Sources */ = {isa = PBXBuildFile; fileRef = B0DDFADD15BAB5A800CE8B15 /* User.m */; };
		B0DDFAE115BAB5A800CE8B15 /* POI.m in Sources */ = {isa = PBXBuildFile; fileRef = B0DDFAE015BAB5A800CE8B15 /* POI.m */; };
		B0DDFAE415BAB5A800CE8B15 /* City.m in Sources */ = {isa = PBXBuildFile; fileRef = B0DDFAE315BAB5A800CE8B15 /* City.m */; };
		B0DDFAE715BAB5A800CE8B15 /* CheckIn.m in Sources */ = {isa = PBXBuildFile; fileRef = B0DDFAE615BAB5A800CE8B15 /* CheckIn.m */; };
		B0DDFAEA15BAB5A800CE8B15 /* Tour.m in Sources */ = {isa = PBXBuildFile; fileRef = B0DDFAE915BAB5A800CE8B15 /* Tour.m */; };
/* End PBXBuildFile section */

/* Begin PBXFileReference section */
		B0DDFA5215BA9EC700CE8B15 /* Civis Orbis.app */ = {isa = PBXFileReference; explicitFileType = wrapper.application; includeInIndex = 0; path = "Civis Orbis.app"; sourceTree = BUILT_PRODUCTS_DIR; };
		B0DDFA5615BA9EC700CE8B15 /* UIKit.framework */ = {isa = PBXFileReference; lastKnownFileType = wrapper.framework; name = UIKit.framework; path = System/Library/Frameworks/UIKit.framework; sourceTree = SDKROOT; };
		B0DDFA5815BA9EC700CE8B15 /* Foundation.framework */ = {isa = PBXFileReference; lastKnownFileType = wrapper.framework; name = Foundation.framework; path = System/Library/Frameworks/Foundation.framework; sourceTree = SDKROOT; };
		B0DDFA5A15BA9EC700CE8B15 /* CoreGraphics.framework */ = {isa = PBXFileReference; lastKnownFileType = wrapper.framework; name = CoreGraphics.framework; path = System/Library/Frameworks/CoreGraphics.framework; sourceTree = SDKROOT; };
		B0DDFA5C15BA9EC700CE8B15 /* CoreData.framework */ = {isa = PBXFileReference; lastKnownFileType = wrapper.framework; name = CoreData.framework; path = System/Library/Frameworks/CoreData.framework; sourceTree = SDKROOT; };
		B0DDFA6015BA9EC700CE8B15 /* Civis Orbis-Info.plist */ = {isa = PBXFileReference; lastKnownFileType = text.plist.xml; path = "Civis Orbis-Info.plist"; sourceTree = "<group>"; };
		B0DDFA6215BA9EC700CE8B15 /* en */ = {isa = PBXFileReference; lastKnownFileType = text.plist.strings; name = en; path = en.lproj/InfoPlist.strings; sourceTree = "<group>"; };
		B0DDFA6415BA9EC700CE8B15 /* main.m */ = {isa = PBXFileReference; lastKnownFileType = sourcecode.c.objc; path = main.m; sourceTree = "<group>"; };
		B0DDFA6615BA9EC700CE8B15 /* Civis Orbis-Prefix.pch */ = {isa = PBXFileReference; lastKnownFileType = sourcecode.c.h; path = "Civis Orbis-Prefix.pch"; sourceTree = "<group>"; };
		B0DDFA6715BA9EC700CE8B15 /* CIVOAppDelegate.h */ = {isa = PBXFileReference; lastKnownFileType = sourcecode.c.h; path = CIVOAppDelegate.h; sourceTree = "<group>"; };
		B0DDFA6815BA9EC700CE8B15 /* CIVOAppDelegate.m */ = {isa = PBXFileReference; lastKnownFileType = sourcecode.c.objc; path = CIVOAppDelegate.m; sourceTree = "<group>"; };
		B0DDFA6B15BA9EC700CE8B15 /* Civis_Orbis.xcdatamodel */ = {isa = PBXFileReference; lastKnownFileType = wrapper.xcdatamodel; path = Civis_Orbis.xcdatamodel; sourceTree = "<group>"; };
		B0DDFA6D15BA9EC700CE8B15 /* CIVOMasterViewController.h */ = {isa = PBXFileReference; lastKnownFileType = sourcecode.c.h; path = CIVOMasterViewController.h; sourceTree = "<group>"; };
		B0DDFA6E15BA9EC700CE8B15 /* CIVOMasterViewController.m */ = {isa = PBXFileReference; lastKnownFileType = sourcecode.c.objc; path = CIVOMasterViewController.m; sourceTree = "<group>"; };
		B0DDFA7015BA9EC700CE8B15 /* CIVODetailViewController.h */ = {isa = PBXFileReference; lastKnownFileType = sourcecode.c.h; path = CIVODetailViewController.h; sourceTree = "<group>"; };
		B0DDFA7115BA9EC700CE8B15 /* CIVODetailViewController.m */ = {isa = PBXFileReference; lastKnownFileType = sourcecode.c.objc; path = CIVODetailViewController.m; sourceTree = "<group>"; };
		B0DDFA7415BA9EC700CE8B15 /* en */ = {isa = PBXFileReference; lastKnownFileType = file.xib; name = en; path = en.lproj/CIVOMasterViewController.xib; sourceTree = "<group>"; };
		B0DDFA7715BA9EC700CE8B15 /* en */ = {isa = PBXFileReference; lastKnownFileType = file.xib; name = en; path = en.lproj/CIVODetailViewController.xib; sourceTree = "<group>"; };
		B0DDFAD715BAAA7B00CE8B15 /* civitates.json */ = {isa = PBXFileReference; fileEncoding = 4; lastKnownFileType = text.json; path = civitates.json; sourceTree = "<group>"; };
		B0DDFAD915BAAD4F00CE8B15 /* MBProgressHUD.h */ = {isa = PBXFileReference; lastKnownFileType = sourcecode.c.h; name = MBProgressHUD.h; path = MBProgressHUD/MBProgressHUD.h; sourceTree = SOURCE_ROOT; };
		B0DDFADA15BAAD5000CE8B15 /* MBProgressHUD.m */ = {isa = PBXFileReference; lastKnownFileType = sourcecode.c.objc; name = MBProgressHUD.m; path = MBProgressHUD/MBProgressHUD.m; sourceTree = SOURCE_ROOT; };
		B0DDFADC15BAB5A800CE8B15 /* User.h */ = {isa = PBXFileReference; fileEncoding = 4; lastKnownFileType = sourcecode.c.h; path = User.h; sourceTree = "<group>"; };
		B0DDFADD15BAB5A800CE8B15 /* User.m */ = {isa = PBXFileReference; fileEncoding = 4; lastKnownFileType = sourcecode.c.objc; path = User.m; sourceTree = "<group>"; };
		B0DDFADF15BAB5A800CE8B15 /* POI.h */ = {isa = PBXFileReference; fileEncoding = 4; lastKnownFileType = sourcecode.c.h; path = POI.h; sourceTree = "<group>"; };
		B0DDFAE015BAB5A800CE8B15 /* POI.m */ = {isa = PBXFileReference; fileEncoding = 4; lastKnownFileType = sourcecode.c.objc; path = POI.m; sourceTree = "<group>"; };
		B0DDFAE215BAB5A800CE8B15 /* City.h */ = {isa = PBXFileReference; fileEncoding = 4; lastKnownFileType = sourcecode.c.h; path = City.h; sourceTree = "<group>"; };
		B0DDFAE315BAB5A800CE8B15 /* City.m */ = {isa = PBXFileReference; fileEncoding = 4; lastKnownFileType = sourcecode.c.objc; path = City.m; sourceTree = "<group>"; };
		B0DDFAE515BAB5A800CE8B15 /* CheckIn.h */ = {isa = PBXFileReference; fileEncoding = 4; lastKnownFileType = sourcecode.c.h; path = CheckIn.h; sourceTree = "<group>"; };
		B0DDFAE615BAB5A800CE8B15 /* CheckIn.m */ = {isa = PBXFileReference; fileEncoding = 4; lastKnownFileType = sourcecode.c.objc; path = CheckIn.m; sourceTree = "<group>"; };
		B0DDFAE815BAB5A800CE8B15 /* Tour.h */ = {isa = PBXFileReference; fileEncoding = 4; lastKnownFileType = sourcecode.c.h; path = Tour.h; sourceTree = "<group>"; };
		B0DDFAE915BAB5A800CE8B15 /* Tour.m */ = {isa = PBXFileReference; fileEncoding = 4; lastKnownFileType = sourcecode.c.objc; path = Tour.m; sourceTree = "<group>"; };
/* End PBXFileReference section */

/* Begin PBXFrameworksBuildPhase section */
		B0DDFA4F15BA9EC700CE8B15 /* Frameworks */ = {
			isa = PBXFrameworksBuildPhase;
			buildActionMask = 2147483647;
			files = (
				B0DDFA5715BA9EC700CE8B15 /* UIKit.framework in Frameworks */,
				B0DDFA5915BA9EC700CE8B15 /* Foundation.framework in Frameworks */,
				B0DDFA5B15BA9EC700CE8B15 /* CoreGraphics.framework in Frameworks */,
				B0DDFA5D15BA9EC700CE8B15 /* CoreData.framework in Frameworks */,
			);
			runOnlyForDeploymentPostprocessing = 0;
		};
/* End PBXFrameworksBuildPhase section */

/* Begin PBXGroup section */
		B0DDFA4715BA9EC700CE8B15 = {
			isa = PBXGroup;
			children = (
				B0DDFA7F15BAA53200CE8B15 /* Assets */,
				B0DDFA7E15BAA4F100CE8B15 /* Import Data */,
				B0DDFA5E15BA9EC700CE8B15 /* Civis Orbis */,
				B0DDFA5515BA9EC700CE8B15 /* Frameworks */,
				B0DDFA5315BA9EC700CE8B15 /* Products */,
			);
			sourceTree = "<group>";
		};
		B0DDFA5315BA9EC700CE8B15 /* Products */ = {
			isa = PBXGroup;
			children = (
				B0DDFA5215BA9EC700CE8B15 /* Civis Orbis.app */,
			);
			name = Products;
			sourceTree = "<group>";
		};
		B0DDFA5515BA9EC700CE8B15 /* Frameworks */ = {
			isa = PBXGroup;
			children = (
				B0DDFA5615BA9EC700CE8B15 /* UIKit.framework */,
				B0DDFA5815BA9EC700CE8B15 /* Foundation.framework */,
				B0DDFA5A15BA9EC700CE8B15 /* CoreGraphics.framework */,
				B0DDFA5C15BA9EC700CE8B15 /* CoreData.framework */,
			);
			name = Frameworks;
			sourceTree = "<group>";
		};
		B0DDFA5E15BA9EC700CE8B15 /* Civis Orbis */ = {
			isa = PBXGroup;
			children = (
				B0DDFAEB15BAB5AD00CE8B15 /* ManagedObject Subclasses */,
				B0DDFA6715BA9EC700CE8B15 /* CIVOAppDelegate.h */,
				B0DDFA6815BA9EC700CE8B15 /* CIVOAppDelegate.m */,
				B0DDFA6D15BA9EC700CE8B15 /* CIVOMasterViewController.h */,
				B0DDFA6E15BA9EC700CE8B15 /* CIVOMasterViewController.m */,
				B0DDFA7015BA9EC700CE8B15 /* CIVODetailViewController.h */,
				B0DDFA7115BA9EC700CE8B15 /* CIVODetailViewController.m */,
				B0DDFA7315BA9EC700CE8B15 /* CIVOMasterViewController.xib */,
				B0DDFA7615BA9EC700CE8B15 /* CIVODetailViewController.xib */,
				B0DDFA6A15BA9EC700CE8B15 /* Civis_Orbis.xcdatamodeld */,
				B0DDFAD915BAAD4F00CE8B15 /* MBProgressHUD.h */,
				B0DDFADA15BAAD5000CE8B15 /* MBProgressHUD.m */,
				B0DDFA5F15BA9EC700CE8B15 /* Supporting Files */,
			);
			path = "Civis Orbis";
			sourceTree = "<group>";
		};
		B0DDFA5F15BA9EC700CE8B15 /* Supporting Files */ = {
			isa = PBXGroup;
			children = (
				B0DDFA6015BA9EC700CE8B15 /* Civis Orbis-Info.plist */,
				B0DDFA6115BA9EC700CE8B15 /* InfoPlist.strings */,
				B0DDFA6415BA9EC700CE8B15 /* main.m */,
				B0DDFA6615BA9EC700CE8B15 /* Civis Orbis-Prefix.pch */,
			);
			name = "Supporting Files";
			sourceTree = "<group>";
		};
		B0DDFA7E15BAA4F100CE8B15 /* Import Data */ = {
			isa = PBXGroup;
			children = (
				B0DDFAD715BAAA7B00CE8B15 /* civitates.json */,
			);
			path = "Import Data";
			sourceTree = "<group>";
		};
		B0DDFA7F15BAA53200CE8B15 /* Assets */ = {
			isa = PBXGroup;
			children = (
				B0DDFA8015BAA54600CE8B15 /* Maps */,
			);
			path = Assets;
			sourceTree = "<group>";
		};
		B0DDFA8015BAA54600CE8B15 /* Maps */ = {
			isa = PBXGroup;
			children = (
			);
			path = Maps;
			sourceTree = "<group>";
		};
		B0DDFAEB15BAB5AD00CE8B15 /* ManagedObject Subclasses */ = {
			isa = PBXGroup;
			children = (
				B0DDFAE815BAB5A800CE8B15 /* Tour.h */,
				B0DDFAE915BAB5A800CE8B15 /* Tour.m */,
				B0DDFAE515BAB5A800CE8B15 /* CheckIn.h */,
				B0DDFAE615BAB5A800CE8B15 /* CheckIn.m */,
				B0DDFAE215BAB5A800CE8B15 /* City.h */,
				B0DDFAE315BAB5A800CE8B15 /* City.m */,
				B0DDFADF15BAB5A800CE8B15 /* POI.h */,
				B0DDFAE015BAB5A800CE8B15 /* POI.m */,
				B0DDFADC15BAB5A800CE8B15 /* User.h */,
				B0DDFADD15BAB5A800CE8B15 /* User.m */,
			);
			path = "ManagedObject Subclasses";
			sourceTree = "<group>";
		};
/* End PBXGroup section */

/* Begin PBXNativeTarget section */
		B0DDFA5115BA9EC700CE8B15 /* Civis Orbis */ = {
			isa = PBXNativeTarget;
			buildConfigurationList = B0DDFA7B15BA9EC700CE8B15 /* Build configuration list for PBXNativeTarget "Civis Orbis" */;
			buildPhases = (
				B0DDFA4E15BA9EC700CE8B15 /* Sources */,
				B0DDFA4F15BA9EC700CE8B15 /* Frameworks */,
				B0DDFA5015BA9EC700CE8B15 /* Resources */,
			);
			buildRules = (
			);
			dependencies = (
			);
			name = "Civis Orbis";
			productName = "Civis Orbis";
			productReference = B0DDFA5215BA9EC700CE8B15 /* Civis Orbis.app */;
			productType = "com.apple.product-type.application";
		};
/* End PBXNativeTarget section */

/* Begin PBXProject section */
		B0DDFA4915BA9EC700CE8B15 /* Project object */ = {
			isa = PBXProject;
			attributes = {
				CLASSPREFIX = ROBK;
				LastUpgradeCheck = 0440;
				ORGANIZATIONNAME = "Civis Orbis";
			};
			buildConfigurationList = B0DDFA4C15BA9EC700CE8B15 /* Build configuration list for PBXProject "Civis Orbis" */;
			compatibilityVersion = "Xcode 3.2";
			developmentRegion = English;
			hasScannedForEncodings = 0;
			knownRegions = (
				en,
			);
			mainGroup = B0DDFA4715BA9EC700CE8B15;
			productRefGroup = B0DDFA5315BA9EC700CE8B15 /* Products */;
			projectDirPath = "";
			projectRoot = "";
			targets = (
				B0DDFA5115BA9EC700CE8B15 /* Civis Orbis */,
			);
		};
/* End PBXProject section */

/* Begin PBXResourcesBuildPhase section */
		B0DDFA5015BA9EC700CE8B15 /* Resources */ = {
			isa = PBXResourcesBuildPhase;
			buildActionMask = 2147483647;
			files = (
				B0DDFA6315BA9EC700CE8B15 /* InfoPlist.strings in Resources */,
				B0DDFA7515BA9EC700CE8B15 /* CIVOMasterViewController.xib in Resources */,
				B0DDFA7815BA9EC700CE8B15 /* CIVODetailViewController.xib in Resources */,
				B0DDFAD815BAAA7B00CE8B15 /* civitates.json in Resources */,
			);
			runOnlyForDeploymentPostprocessing = 0;
		};
/* End PBXResourcesBuildPhase section */

/* Begin PBXSourcesBuildPhase section */
		B0DDFA4E15BA9EC700CE8B15 /* Sources */ = {
			isa = PBXSourcesBuildPhase;
			buildActionMask = 2147483647;
			files = (
				B0DDFA6515BA9EC700CE8B15 /* main.m in Sources */,
				B0DDFA6915BA9EC700CE8B15 /* CIVOAppDelegate.m in Sources */,
				B0DDFA6C15BA9EC700CE8B15 /* Civis_Orbis.xcdatamodeld in Sources */,
				B0DDFA6F15BA9EC700CE8B15 /* CIVOMasterViewController.m in Sources */,
				B0DDFA7215BA9EC700CE8B15 /* CIVODetailViewController.m in Sources */,
				B0DDFADB15BAB29700CE8B15 /* MBProgressHUD.m in Sources */,
				B0DDFADE15BAB5A800CE8B15 /* User.m in Sources */,
				B0DDFAE115BAB5A800CE8B15 /* POI.m in Sources */,
				B0DDFAE415BAB5A800CE8B15 /* City.m in Sources */,
				B0DDFAE715BAB5A800CE8B15 /* CheckIn.m in Sources */,
				B0DDFAEA15BAB5A800CE8B15 /* Tour.m in Sources */,
			);
			runOnlyForDeploymentPostprocessing = 0;
		};
/* End PBXSourcesBuildPhase section */

/* Begin PBXVariantGroup section */
		B0DDFA6115BA9EC700CE8B15 /* InfoPlist.strings */ = {
			isa = PBXVariantGroup;
			children = (
				B0DDFA6215BA9EC700CE8B15 /* en */,
			);
			name = InfoPlist.strings;
			sourceTree = "<group>";
		};
		B0DDFA7315BA9EC700CE8B15 /* CIVOMasterViewController.xib */ = {
			isa = PBXVariantGroup;
			children = (
				B0DDFA7415BA9EC700CE8B15 /* en */,
			);
			name = CIVOMasterViewController.xib;
			sourceTree = "<group>";
		};
		B0DDFA7615BA9EC700CE8B15 /* CIVODetailViewController.xib */ = {
			isa = PBXVariantGroup;
			children = (
				B0DDFA7715BA9EC700CE8B15 /* en */,
			);
			name = CIVODetailViewController.xib;
			sourceTree = "<group>";
		};
/* End PBXVariantGroup section */

/* Begin XCBuildConfiguration section */
		B0DDFA7915BA9EC700CE8B15 /* Debug */ = {
			isa = XCBuildConfiguration;
			buildSettings = {
				ALWAYS_SEARCH_USER_PATHS = NO;
				ARCHS = "$(ARCHS_STANDARD_32_BIT)";
				CLANG_CXX_LANGUAGE_STANDARD = "gnu++0x";
				CLANG_ENABLE_OBJC_ARC = YES;
				CLANG_WARN__DUPLICATE_METHOD_MATCH = YES;
				"CODE_SIGN_IDENTITY[sdk=iphoneos*]" = "iPhone Developer";
				COPY_PHASE_STRIP = NO;
				GCC_C_LANGUAGE_STANDARD = gnu99;
				GCC_DYNAMIC_NO_PIC = NO;
				GCC_OPTIMIZATION_LEVEL = 0;
				GCC_PREPROCESSOR_DEFINITIONS = (
					"DEBUG=1",
					"$(inherited)",
				);
				GCC_SYMBOLS_PRIVATE_EXTERN = NO;
				GCC_VERSION = com.apple.compilers.llvm.clang.1_0;
				GCC_WARN_ABOUT_RETURN_TYPE = YES;
				GCC_WARN_UNINITIALIZED_AUTOS = YES;
				GCC_WARN_UNUSED_VARIABLE = YES;
				IPHONEOS_DEPLOYMENT_TARGET = 5.1;
				SDKROOT = iphoneos;
			};
			name = Debug;
		};
		B0DDFA7A15BA9EC700CE8B15 /* Release */ = {
			isa = XCBuildConfiguration;
			buildSettings = {
				ALWAYS_SEARCH_USER_PATHS = NO;
				ARCHS = "$(ARCHS_STANDARD_32_BIT)";
				CLANG_CXX_LANGUAGE_STANDARD = "gnu++0x";
				CLANG_ENABLE_OBJC_ARC = YES;
				CLANG_WARN__DUPLICATE_METHOD_MATCH = YES;
				"CODE_SIGN_IDENTITY[sdk=iphoneos*]" = "iPhone Developer";
				COPY_PHASE_STRIP = YES;
				GCC_C_LANGUAGE_STANDARD = gnu99;
				GCC_VERSION = com.apple.compilers.llvm.clang.1_0;
				GCC_WARN_ABOUT_RETURN_TYPE = YES;
				GCC_WARN_UNINITIALIZED_AUTOS = YES;
				GCC_WARN_UNUSED_VARIABLE = YES;
				IPHONEOS_DEPLOYMENT_TARGET = 5.1;
				OTHER_CFLAGS = "-DNS_BLOCK_ASSERTIONS=1";
				SDKROOT = iphoneos;
				VALIDATE_PRODUCT = YES;
			};
			name = Release;
		};
		B0DDFA7C15BA9EC700CE8B15 /* Debug */ = {
			isa = XCBuildConfiguration;
			buildSettings = {
				GCC_PRECOMPILE_PREFIX_HEADER = YES;
				GCC_PREFIX_HEADER = "Civis Orbis/Civis Orbis-Prefix.pch";
				INFOPLIST_FILE = "Civis Orbis/Civis Orbis-Info.plist";
				PRODUCT_NAME = "$(TARGET_NAME)";
				WRAPPER_EXTENSION = app;
			};
			name = Debug;
		};
		B0DDFA7D15BA9EC700CE8B15 /* Release */ = {
			isa = XCBuildConfiguration;
			buildSettings = {
				GCC_PRECOMPILE_PREFIX_HEADER = YES;
				GCC_PREFIX_HEADER = "Civis Orbis/Civis Orbis-Prefix.pch";
				INFOPLIST_FILE = "Civis Orbis/Civis Orbis-Info.plist";
				PRODUCT_NAME = "$(TARGET_NAME)";
				WRAPPER_EXTENSION = app;
			};
			name = Release;
		};
/* End XCBuildConfiguration section */

/* Begin XCConfigurationList section */
		B0DDFA4C15BA9EC700CE8B15 /* Build configuration list for PBXProject "Civis Orbis" */ = {
			isa = XCConfigurationList;
			buildConfigurations = (
				B0DDFA7915BA9EC700CE8B15 /* Debug */,
				B0DDFA7A15BA9EC700CE8B15 /* Release */,
			);
			defaultConfigurationIsVisible = 0;
			defaultConfigurationName = Release;
		};
		B0DDFA7B15BA9EC700CE8B15 /* Build configuration list for PBXNativeTarget "Civis Orbis" */ = {
			isa = XCConfigurationList;
			buildConfigurations = (
				B0DDFA7C15BA9EC700CE8B15 /* Debug */,
				B0DDFA7D15BA9EC700CE8B15 /* Release */,
			);
			defaultConfigurationIsVisible = 0;
		};
/* End XCConfigurationList section */

/* Begin XCVersionGroup section */
		B0DDFA6A15BA9EC700CE8B15 /* Civis_Orbis.xcdatamodeld */ = {
			isa = XCVersionGroup;
			children = (
				B0DDFA6B15BA9EC700CE8B15 /* Civis_Orbis.xcdatamodel */,
			);
			currentVersion = B0DDFA6B15BA9EC700CE8B15 /* Civis_Orbis.xcdatamodel */;
			path = Civis_Orbis.xcdatamodeld;
			sourceTree = "<group>";
			versionGroupType = wrapper.xcdatamodel;
		};
/* End XCVersionGroup section */
	};
	rootObject = B0DDFA4915BA9EC700CE8B15 /* Project object */;
}
